# THIS IS AN AUTOGENERATED FILE. DO NOT EDIT THIS FILE DIRECTLY.
# yarn lockfile v1


"@ethersproject/abi@5.4.0", "@ethersproject/abi@^5.4.0":
  version "5.4.0"
  resolved "https://registry.nlark.com/@ethersproject/abi/download/@ethersproject/abi-5.4.0.tgz#a6d63bdb3672f738398846d4279fa6b6c9818242"
  integrity sha1-ptY72zZy9zg5iEbUJ5+mtsmBgkI=
  dependencies:
    "@ethersproject/address" "^5.4.0"
    "@ethersproject/bignumber" "^5.4.0"
    "@ethersproject/bytes" "^5.4.0"
    "@ethersproject/constants" "^5.4.0"
    "@ethersproject/hash" "^5.4.0"
    "@ethersproject/keccak256" "^5.4.0"
    "@ethersproject/logger" "^5.4.0"
    "@ethersproject/properties" "^5.4.0"
    "@ethersproject/strings" "^5.4.0"

"@ethersproject/abstract-provider@5.4.0", "@ethersproject/abstract-provider@^5.4.0":
  version "5.4.0"
  resolved "https://registry.nlark.com/@ethersproject/abstract-provider/download/@ethersproject/abstract-provider-5.4.0.tgz#415331031b0f678388971e1987305244edc04e1d"
  integrity sha1-QVMxAxsPZ4OIlx4ZhzBSRO3ATh0=
  dependencies:
    "@ethersproject/bignumber" "^5.4.0"
    "@ethersproject/bytes" "^5.4.0"
    "@ethersproject/logger" "^5.4.0"
    "@ethersproject/networks" "^5.4.0"
    "@ethersproject/properties" "^5.4.0"
    "@ethersproject/transactions" "^5.4.0"
    "@ethersproject/web" "^5.4.0"

"@ethersproject/abstract-signer@5.4.0", "@ethersproject/abstract-signer@^5.4.0":
  version "5.4.0"
  resolved "https://registry.nlark.com/@ethersproject/abstract-signer/download/@ethersproject/abstract-signer-5.4.0.tgz#cd5f50b93141ee9f9f49feb4075a0b3eafb57d65"
  integrity sha1-zV9QuTFB7p+fSf60B1oLPq+1fWU=
  dependencies:
    "@ethersproject/abstract-provider" "^5.4.0"
    "@ethersproject/bignumber" "^5.4.0"
    "@ethersproject/bytes" "^5.4.0"
    "@ethersproject/logger" "^5.4.0"
    "@ethersproject/properties" "^5.4.0"

"@ethersproject/address@5.4.0", "@ethersproject/address@^5.4.0":
  version "5.4.0"
  resolved "https://registry.nlark.com/@ethersproject/address/download/@ethersproject/address-5.4.0.tgz#ba2d00a0f8c4c0854933b963b9a3a9f6eb4a37a3"
  integrity sha1-ui0AoPjEwIVJM7ljuaOp9utKN6M=
  dependencies:
    "@ethersproject/bignumber" "^5.4.0"
    "@ethersproject/bytes" "^5.4.0"
    "@ethersproject/keccak256" "^5.4.0"
    "@ethersproject/logger" "^5.4.0"
    "@ethersproject/rlp" "^5.4.0"

"@ethersproject/base64@5.4.0", "@ethersproject/base64@^5.4.0":
  version "5.4.0"
  resolved "https://registry.nlark.com/@ethersproject/base64/download/@ethersproject/base64-5.4.0.tgz#7252bf65295954c9048c7ca5f43e5c86441b2a9a"
  integrity sha1-clK/ZSlZVMkEjHyl9D5chkQbKpo=
  dependencies:
    "@ethersproject/bytes" "^5.4.0"

"@ethersproject/basex@5.4.0", "@ethersproject/basex@^5.4.0":
  version "5.4.0"
  resolved "https://registry.nlark.com/@ethersproject/basex/download/@ethersproject/basex-5.4.0.tgz#0a2da0f4e76c504a94f2b21d3161ed9438c7f8a6"
  integrity sha1-Ci2g9OdsUEqU8rIdMWHtlDjH+KY=
  dependencies:
    "@ethersproject/bytes" "^5.4.0"
    "@ethersproject/properties" "^5.4.0"

"@ethersproject/bignumber@5.4.0", "@ethersproject/bignumber@^5.4.0":
  version "5.4.0"
  resolved "https://registry.nlark.com/@ethersproject/bignumber/download/@ethersproject/bignumber-5.4.0.tgz#be8dea298c0ec71208ee60f0b245be0761217ad9"
  integrity sha1-vo3qKYwOxxII7mDwskW+B2Ehetk=
  dependencies:
    "@ethersproject/bytes" "^5.4.0"
    "@ethersproject/logger" "^5.4.0"
    bn.js "^4.11.9"

"@ethersproject/bytes@5.4.0", "@ethersproject/bytes@^5.4.0":
  version "5.4.0"
  resolved "https://registry.nlark.com/@ethersproject/bytes/download/@ethersproject/bytes-5.4.0.tgz#56fa32ce3bf67153756dbaefda921d1d4774404e"
  integrity sha1-Vvoyzjv2cVN1bbrv2pIdHUd0QE4=
  dependencies:
    "@ethersproject/logger" "^5.4.0"

"@ethersproject/constants@5.4.0", "@ethersproject/constants@^5.4.0":
  version "5.4.0"
  resolved "https://registry.nlark.com/@ethersproject/constants/download/@ethersproject/constants-5.4.0.tgz#ee0bdcb30bf1b532d2353c977bf2ef1ee117958a"
  integrity sha1-7gvcswvxtTLSNTyXe/LvHuEXlYo=
  dependencies:
    "@ethersproject/bignumber" "^5.4.0"

"@ethersproject/contracts@5.4.0":
  version "5.4.0"
  resolved "https://registry.nlark.com/@ethersproject/contracts/download/@ethersproject/contracts-5.4.0.tgz#e05fe6bd33acc98741e27d553889ec5920078abb"
  integrity sha1-4F/mvTOsyYdB4n1VOInsWSAHirs=
  dependencies:
    "@ethersproject/abi" "^5.4.0"
    "@ethersproject/abstract-provider" "^5.4.0"
    "@ethersproject/abstract-signer" "^5.4.0"
    "@ethersproject/address" "^5.4.0"
    "@ethersproject/bignumber" "^5.4.0"
    "@ethersproject/bytes" "^5.4.0"
    "@ethersproject/constants" "^5.4.0"
    "@ethersproject/logger" "^5.4.0"
    "@ethersproject/properties" "^5.4.0"
    "@ethersproject/transactions" "^5.4.0"

"@ethersproject/hash@5.4.0", "@ethersproject/hash@^5.4.0":
  version "5.4.0"
  resolved "https://registry.nlark.com/@ethersproject/hash/download/@ethersproject/hash-5.4.0.tgz#d18a8e927e828e22860a011f39e429d388344ae0"
  integrity sha1-0YqOkn6CjiKGCgEfOeQp04g0SuA=
  dependencies:
    "@ethersproject/abstract-signer" "^5.4.0"
    "@ethersproject/address" "^5.4.0"
    "@ethersproject/bignumber" "^5.4.0"
    "@ethersproject/bytes" "^5.4.0"
    "@ethersproject/keccak256" "^5.4.0"
    "@ethersproject/logger" "^5.4.0"
    "@ethersproject/properties" "^5.4.0"
    "@ethersproject/strings" "^5.4.0"

"@ethersproject/hdnode@5.4.0", "@ethersproject/hdnode@^5.4.0":
  version "5.4.0"
  resolved "https://registry.nlark.com/@ethersproject/hdnode/download/@ethersproject/hdnode-5.4.0.tgz#4bc9999b9a12eb5ce80c5faa83114a57e4107cac"
  integrity sha1-S8mZm5oS61zoDF+qgxFKV+QQfKw=
  dependencies:
    "@ethersproject/abstract-signer" "^5.4.0"
    "@ethersproject/basex" "^5.4.0"
    "@ethersproject/bignumber" "^5.4.0"
    "@ethersproject/bytes" "^5.4.0"
    "@ethersproject/logger" "^5.4.0"
    "@ethersproject/pbkdf2" "^5.4.0"
    "@ethersproject/properties" "^5.4.0"
    "@ethersproject/sha2" "^5.4.0"
    "@ethersproject/signing-key" "^5.4.0"
    "@ethersproject/strings" "^5.4.0"
    "@ethersproject/transactions" "^5.4.0"
    "@ethersproject/wordlists" "^5.4.0"

"@ethersproject/json-wallets@5.4.0", "@ethersproject/json-wallets@^5.4.0":
  version "5.4.0"
  resolved "https://registry.nlark.com/@ethersproject/json-wallets/download/@ethersproject/json-wallets-5.4.0.tgz#2583341cfe313fc9856642e8ace3080154145e95"
  integrity sha1-JYM0HP4xP8mFZkLorOMIAVQUXpU=
  dependencies:
    "@ethersproject/abstract-signer" "^5.4.0"
    "@ethersproject/address" "^5.4.0"
    "@ethersproject/bytes" "^5.4.0"
    "@ethersproject/hdnode" "^5.4.0"
    "@ethersproject/keccak256" "^5.4.0"
    "@ethersproject/logger" "^5.4.0"
    "@ethersproject/pbkdf2" "^5.4.0"
    "@ethersproject/properties" "^5.4.0"
    "@ethersproject/random" "^5.4.0"
    "@ethersproject/strings" "^5.4.0"
    "@ethersproject/transactions" "^5.4.0"
    aes-js "3.0.0"
    scrypt-js "3.0.1"

"@ethersproject/keccak256@5.4.0", "@ethersproject/keccak256@^5.4.0":
  version "5.4.0"
  resolved "https://registry.nlark.com/@ethersproject/keccak256/download/@ethersproject/keccak256-5.4.0.tgz#7143b8eea4976080241d2bd92e3b1f1bf7025318"
  integrity sha1-cUO47qSXYIAkHSvZLjsfG/cCUxg=
  dependencies:
    "@ethersproject/bytes" "^5.4.0"
    js-sha3 "0.5.7"

"@ethersproject/logger@5.4.0", "@ethersproject/logger@^5.4.0":
  version "5.4.0"
  resolved "https://registry.nlark.com/@ethersproject/logger/download/@ethersproject/logger-5.4.0.tgz#f39adadf62ad610c420bcd156fd41270e91b3ca9"
  integrity sha1-85ra32KtYQxCC80Vb9QScOkbPKk=

"@ethersproject/networks@5.4.0", "@ethersproject/networks@^5.4.0":
  version "5.4.0"
  resolved "https://registry.nlark.com/@ethersproject/networks/download/@ethersproject/networks-5.4.0.tgz#71eecd3ef3755118b42c1a5d2a44a7e07202e10a"
  integrity sha1-ce7NPvN1URi0LBpdKkSn4HIC4Qo=
  dependencies:
    "@ethersproject/logger" "^5.4.0"

"@ethersproject/pbkdf2@5.4.0", "@ethersproject/pbkdf2@^5.4.0":
  version "5.4.0"
  resolved "https://registry.nlark.com/@ethersproject/pbkdf2/download/@ethersproject/pbkdf2-5.4.0.tgz#ed88782a67fda1594c22d60d0ca911a9d669641c"
  integrity sha1-7Yh4Kmf9oVlMItYNDKkRqdZpZBw=
  dependencies:
    "@ethersproject/bytes" "^5.4.0"
    "@ethersproject/sha2" "^5.4.0"

"@ethersproject/properties@5.4.0", "@ethersproject/properties@^5.4.0":
  version "5.4.0"
  resolved "https://registry.nlark.com/@ethersproject/properties/download/@ethersproject/properties-5.4.0.tgz#38ba20539b44dcc5d5f80c45ad902017dcdbefe7"
  integrity sha1-OLogU5tE3MXV+AxFrZAgF9zb7+c=
  dependencies:
    "@ethersproject/logger" "^5.4.0"

"@ethersproject/providers@5.4.0":
  version "5.4.0"
  resolved "https://registry.nlark.com/@ethersproject/providers/download/@ethersproject/providers-5.4.0.tgz#1b9eeaf394d790a662ec66373d7219c82f4433f2"
  integrity sha1-G57q85TXkKZi7GY3PXIZyC9EM/I=
  dependencies:
    "@ethersproject/abstract-provider" "^5.4.0"
    "@ethersproject/abstract-signer" "^5.4.0"
    "@ethersproject/address" "^5.4.0"
    "@ethersproject/basex" "^5.4.0"
    "@ethersproject/bignumber" "^5.4.0"
    "@ethersproject/bytes" "^5.4.0"
    "@ethersproject/constants" "^5.4.0"
    "@ethersproject/hash" "^5.4.0"
    "@ethersproject/logger" "^5.4.0"
    "@ethersproject/networks" "^5.4.0"
    "@ethersproject/properties" "^5.4.0"
    "@ethersproject/random" "^5.4.0"
    "@ethersproject/rlp" "^5.4.0"
    "@ethersproject/sha2" "^5.4.0"
    "@ethersproject/strings" "^5.4.0"
    "@ethersproject/transactions" "^5.4.0"
    "@ethersproject/web" "^5.4.0"
    bech32 "1.1.4"
    ws "7.4.6"

"@ethersproject/random@5.4.0", "@ethersproject/random@^5.4.0":
  version "5.4.0"
  resolved "https://registry.nlark.com/@ethersproject/random/download/@ethersproject/random-5.4.0.tgz#9cdde60e160d024be39cc16f8de3b9ce39191e16"
  integrity sha1-nN3mDhYNAkvjnMFvjeO5zjkZHhY=
  dependencies:
    "@ethersproject/bytes" "^5.4.0"
    "@ethersproject/logger" "^5.4.0"

"@ethersproject/rlp@5.4.0", "@ethersproject/rlp@^5.4.0":
  version "5.4.0"
  resolved "https://registry.nlark.com/@ethersproject/rlp/download/@ethersproject/rlp-5.4.0.tgz#de61afda5ff979454e76d3b3310a6c32ad060931"
  integrity sha1-3mGv2l/5eUVOdtOzMQpsMq0GCTE=
  dependencies:
    "@ethersproject/bytes" "^5.4.0"
    "@ethersproject/logger" "^5.4.0"

"@ethersproject/sha2@5.4.0", "@ethersproject/sha2@^5.4.0":
  version "5.4.0"
  resolved "https://registry.nlark.com/@ethersproject/sha2/download/@ethersproject/sha2-5.4.0.tgz#c9a8db1037014cbc4e9482bd662f86c090440371"
  integrity sha1-yajbEDcBTLxOlIK9Zi+GwJBEA3E=
  dependencies:
    "@ethersproject/bytes" "^5.4.0"
    "@ethersproject/logger" "^5.4.0"
    hash.js "1.1.7"

"@ethersproject/signing-key@5.4.0", "@ethersproject/signing-key@^5.4.0":
  version "5.4.0"
  resolved "https://registry.nlark.com/@ethersproject/signing-key/download/@ethersproject/signing-key-5.4.0.tgz#2f05120984e81cf89a3d5f6dec5c68ee0894fbec"
  integrity sha1-LwUSCYToHPiaPV9t7Fxo7giU++w=
  dependencies:
    "@ethersproject/bytes" "^5.4.0"
    "@ethersproject/logger" "^5.4.0"
    "@ethersproject/properties" "^5.4.0"
    bn.js "^4.11.9"
    elliptic "6.5.4"
    hash.js "1.1.7"

"@ethersproject/solidity@5.4.0":
  version "5.4.0"
  resolved "https://registry.nlark.com/@ethersproject/solidity/download/@ethersproject/solidity-5.4.0.tgz#1305e058ea02dc4891df18b33232b11a14ece9ec"
  integrity sha1-EwXgWOoC3EiR3xizMjKxGhTs6ew=
  dependencies:
    "@ethersproject/bignumber" "^5.4.0"
    "@ethersproject/bytes" "^5.4.0"
    "@ethersproject/keccak256" "^5.4.0"
    "@ethersproject/sha2" "^5.4.0"
    "@ethersproject/strings" "^5.4.0"

"@ethersproject/strings@5.4.0", "@ethersproject/strings@^5.4.0":
  version "5.4.0"
  resolved "https://registry.nlark.com/@ethersproject/strings/download/@ethersproject/strings-5.4.0.tgz#fb12270132dd84b02906a8d895ae7e7fa3d07d9a"
  integrity sha1-+xInATLdhLApBqjYla5+f6PQfZo=
  dependencies:
    "@ethersproject/bytes" "^5.4.0"
    "@ethersproject/constants" "^5.4.0"
    "@ethersproject/logger" "^5.4.0"

"@ethersproject/transactions@5.4.0", "@ethersproject/transactions@^5.4.0":
  version "5.4.0"
  resolved "https://registry.nlark.com/@ethersproject/transactions/download/@ethersproject/transactions-5.4.0.tgz#a159d035179334bd92f340ce0f77e83e9e1522e0"
  integrity sha1-oVnQNReTNL2S80DOD3foPp4VIuA=
  dependencies:
    "@ethersproject/address" "^5.4.0"
    "@ethersproject/bignumber" "^5.4.0"
    "@ethersproject/bytes" "^5.4.0"
    "@ethersproject/constants" "^5.4.0"
    "@ethersproject/keccak256" "^5.4.0"
    "@ethersproject/logger" "^5.4.0"
    "@ethersproject/properties" "^5.4.0"
    "@ethersproject/rlp" "^5.4.0"
    "@ethersproject/signing-key" "^5.4.0"

"@ethersproject/units@5.4.0":
  version "5.4.0"
  resolved "https://registry.nlark.com/@ethersproject/units/download/@ethersproject/units-5.4.0.tgz#d57477a4498b14b88b10396062c8cbbaf20c79fe"
  integrity sha1-1XR3pEmLFLiLEDlgYsjLuvIMef4=
  dependencies:
    "@ethersproject/bignumber" "^5.4.0"
    "@ethersproject/constants" "^5.4.0"
    "@ethersproject/logger" "^5.4.0"

"@ethersproject/wallet@5.4.0":
  version "5.4.0"
  resolved "https://registry.nlark.com/@ethersproject/wallet/download/@ethersproject/wallet-5.4.0.tgz#fa5b59830b42e9be56eadd45a16a2e0933ad9353"
  integrity sha1-+ltZgwtC6b5W6t1FoWouCTOtk1M=
  dependencies:
    "@ethersproject/abstract-provider" "^5.4.0"
    "@ethersproject/abstract-signer" "^5.4.0"
    "@ethersproject/address" "^5.4.0"
    "@ethersproject/bignumber" "^5.4.0"
    "@ethersproject/bytes" "^5.4.0"
    "@ethersproject/hash" "^5.4.0"
    "@ethersproject/hdnode" "^5.4.0"
    "@ethersproject/json-wallets" "^5.4.0"
    "@ethersproject/keccak256" "^5.4.0"
    "@ethersproject/logger" "^5.4.0"
    "@ethersproject/properties" "^5.4.0"
    "@ethersproject/random" "^5.4.0"
    "@ethersproject/signing-key" "^5.4.0"
    "@ethersproject/transactions" "^5.4.0"
    "@ethersproject/wordlists" "^5.4.0"

"@ethersproject/web@5.4.0", "@ethersproject/web@^5.4.0":
  version "5.4.0"
  resolved "https://registry.nlark.com/@ethersproject/web/download/@ethersproject/web-5.4.0.tgz#49fac173b96992334ed36a175538ba07a7413d1f"
  integrity sha1-SfrBc7lpkjNO02oXVTi6B6dBPR8=
  dependencies:
    "@ethersproject/base64" "^5.4.0"
    "@ethersproject/bytes" "^5.4.0"
    "@ethersproject/logger" "^5.4.0"
    "@ethersproject/properties" "^5.4.0"
    "@ethersproject/strings" "^5.4.0"

"@ethersproject/wordlists@5.4.0", "@ethersproject/wordlists@^5.4.0":
  version "5.4.0"
  resolved "https://registry.nlark.com/@ethersproject/wordlists/download/@ethersproject/wordlists-5.4.0.tgz#f34205ec3bbc9e2c49cadaee774cf0b07e7573d7"
  integrity sha1-80IF7Du8nixJytrud0zwsH51c9c=
  dependencies:
    "@ethersproject/bytes" "^5.4.0"
    "@ethersproject/hash" "^5.4.0"
    "@ethersproject/logger" "^5.4.0"
    "@ethersproject/properties" "^5.4.0"
    "@ethersproject/strings" "^5.4.0"

"@types/node@^15.12.5":
  version "15.12.5"
  resolved "https://registry.nlark.com/@types/node/download/@types/node-15.12.5.tgz?cache=0&sync_timestamp=1624763102752&other_urls=https%3A%2F%2Fregistry.nlark.com%2F%40types%2Fnode%2Fdownload%2F%40types%2Fnode-15.12.5.tgz#9a78318a45d75c9523d2396131bd3cca54b2d185"
  integrity sha1-mngxikXXXJUj0jlhMb08ylSy0YU=

aes-js@3.0.0:
  version "3.0.0"
  resolved "https://registry.npm.taobao.org/aes-js/download/aes-js-3.0.0.tgz#e21df10ad6c2053295bcbb8dab40b09dbea87e4d"
  integrity sha1-4h3xCtbCBTKVvLuNq0Cwnb6ofk0=

axios@^0.21.1:
  version "0.21.1"
  resolved "https://registry.npm.taobao.org/axios/download/axios-0.21.1.tgz?cache=0&sync_timestamp=1608611475093&other_urls=https%3A%2F%2Fregistry.npm.taobao.org%2Faxios%2Fdownload%2Faxios-0.21.1.tgz#22563481962f4d6bde9a76d516ef0e5d3c09b2b8"
  integrity sha1-IlY0gZYvTWvemnbVFu8OXTwJsrg=
  dependencies:
    follow-redirects "^1.10.0"

bech32@1.1.4:
  version "1.1.4"
  resolved "https://registry.npm.taobao.org/bech32/download/bech32-1.1.4.tgz#e38c9f37bf179b8eb16ae3a772b40c356d4832e9"
  integrity sha1-44yfN78Xm46xauOncrQMNW1IMuk=

bn.js@^4.11.9:
  version "4.12.0"
  resolved "https://registry.npm.taobao.org/bn.js/download/bn.js-4.12.0.tgz#775b3f278efbb9718eec7361f483fb36fbbfea88"
  integrity sha1-d1s/J477uXGO7HNh9IP7Nvu/6og=

brorand@^1.1.0:
  version "1.1.0"
  resolved "https://registry.npm.taobao.org/brorand/download/brorand-1.1.0.tgz#12c25efe40a45e3c323eb8675a0a0ce57b22371f"
  integrity sha1-EsJe/kCkXjwyPrhnWgoM5XsiNx8=

dotenv@^10.0.0:
  version "10.0.0"
  resolved "https://registry.nlark.com/dotenv/download/dotenv-10.0.0.tgz?cache=0&other_urls=https%3A%2F%2Fregistry.nlark.com%2Fdotenv%2Fdownload%2Fdotenv-10.0.0.tgz#3d4227b8fb95f81096cdd2b66653fb2c7085ba81"
  integrity sha1-PUInuPuV+BCWzdK2ZlP7LHCFuoE=

elliptic@6.5.4:
  version "6.5.4"
  resolved "https://registry.nlark.com/elliptic/download/elliptic-6.5.4.tgz#da37cebd31e79a1367e941b592ed1fbebd58abbb"
  integrity sha1-2jfOvTHnmhNn6UG1ku0fvr1Yq7s=
  dependencies:
    bn.js "^4.11.9"
    brorand "^1.1.0"
    hash.js "^1.0.0"
    hmac-drbg "^1.0.1"
    inherits "^2.0.4"
    minimalistic-assert "^1.0.1"
    minimalistic-crypto-utils "^1.0.1"

ethers@^5.4.0:
  version "5.4.0"
  resolved "https://registry.nlark.com/ethers/download/ethers-5.4.0.tgz#e9fe4b39350bcce5edd410c70bd57ba328ecf474"
  integrity sha1-6f5LOTULzOXt1BDHC9V7oyjs9HQ=
  dependencies:
    "@ethersproject/abi" "5.4.0"
    "@ethersproject/abstract-provider" "5.4.0"
    "@ethersproject/abstract-signer" "5.4.0"
    "@ethersproject/address" "5.4.0"
    "@ethersproject/base64" "5.4.0"
    "@ethersproject/basex" "5.4.0"
    "@ethersproject/bignumber" "5.4.0"
    "@ethersproject/bytes" "5.4.0"
    "@ethersproject/constants" "5.4.0"
    "@ethersproject/contracts" "5.4.0"
    "@ethersproject/hash" "5.4.0"
    "@ethersproject/hdnode" "5.4.0"
    "@ethersproject/json-wallets" "5.4.0"
    "@ethersproject/keccak256" "5.4.0"
    "@ethersproject/logger" "5.4.0"
    "@ethersproject/networks" "5.4.0"
    "@ethersproject/pbkdf2" "5.4.0"
    "@ethersproject/properties" "5.4.0"
    "@ethersproject/providers" "5.4.0"
    "@ethersproject/random" "5.4.0"
    "@ethersproject/rlp" "5.4.0"
    "@ethersproject/sha2" "5.4.0"
    "@ethersproject/signing-key" "5.4.0"
    "@ethersproject/solidity" "5.4.0"
    "@ethersproject/strings" "5.4.0"
    "@ethersproject/transactions" "5.4.0"
    "@ethersproject/units" "5.4.0"
    "@ethersproject/wallet" "5.4.0"
    "@ethersproject/web" "5.4.0"
    "@ethersproject/wordlists" "5.4.0"

follow-redirects@^1.10.0:
  version "1.14.1"
  resolved "https://registry.nlark.com/follow-redirects/download/follow-redirects-1.14.1.tgz#d9114ded0a1cfdd334e164e6662ad02bfd91ff43"
  integrity sha1-2RFN7Qoc/dM04WTmZirQK/2R/0M=

hash.js@1.1.7, hash.js@^1.0.0, hash.js@^1.0.3:
  version "1.1.7"
  resolved "https://registry.npm.taobao.org/hash.js/download/hash.js-1.1.7.tgz#0babca538e8d4ee4a0f8988d68866537a003cf42"
  integrity sha1-C6vKU46NTuSg+JiNaIZlN6ADz0I=
  dependencies:
    inherits "^2.0.3"
    minimalistic-assert "^1.0.1"

hmac-drbg@^1.0.1:
  version "1.0.1"
  resolved "https://registry.npm.taobao.org/hmac-drbg/download/hmac-drbg-1.0.1.tgz#d2745701025a6c775a6c545793ed502fc0c649a1"
  integrity sha1-0nRXAQJabHdabFRXk+1QL8DGSaE=
  dependencies:
    hash.js "^1.0.3"
    minimalistic-assert "^1.0.0"
    minimalistic-crypto-utils "^1.0.1"

inherits@^2.0.3, inherits@^2.0.4:
  version "2.0.4"
  resolved "https://registry.npm.taobao.org/inherits/download/inherits-2.0.4.tgz?cache=0&other_urls=https%3A%2F%2Fregistry.npm.taobao.org%2Finherits%2Fdownload%2Finherits-2.0.4.tgz#0fa2c64f932917c3433a0ded55363aae37416b7c"
  integrity sha1-D6LGT5MpF8NDOg3tVTY6rjdBa3w=

js-sha3@0.5.7:
  version "0.5.7"
  resolved "https://registry.npm.taobao.org/js-sha3/download/js-sha3-0.5.7.tgz#0d4ffd8002d5333aabaf4a23eed2f6374c9f28e7"
  integrity sha1-DU/9gALVMzqrr0oj7tL2N0yfKOc=

minimalistic-assert@^1.0.0, minimalistic-assert@^1.0.1:
  version "1.0.1"
  resolved "https://registry.nlark.com/minimalistic-assert/download/minimalistic-assert-1.0.1.tgz#2e194de044626d4a10e7f7fbc00ce73e83e4d5c7"
  integrity sha1-LhlN4ERibUoQ5/f7wAznPoPk1cc=

minimalistic-crypto-utils@^1.0.1:
  version "1.0.1"
  resolved "https://registry.npm.taobao.org/minimalistic-crypto-utils/download/minimalistic-crypto-utils-1.0.1.tgz#f6c00c1c0b082246e5c4d99dfb8c7c083b2b582a"
  integrity sha1-9sAMHAsIIkblxNmd+4x8CDsrWCo=

scrypt-js@3.0.1:
  version "3.0.1"
  resolved "https://registry.npm.taobao.org/scrypt-js/download/scrypt-js-3.0.1.tgz#d314a57c2aef69d1ad98a138a21fe9eafa9ee312"
  integrity sha1-0xSlfCrvadGtmKE4oh/p6vqe4xI=

simple-json-db@^1.2.3:
  version "1.2.3"
  resolved "https://registry.nlark.com/simple-json-db/download/simple-json-db-1.2.3.tgz#ea7256bbbb1205b4af079f9bed2611e33401bce7"
  integrity sha1-6nJWu7sSBbSvB5+b7SYR4zQBvOc=

ws@7.4.6:
  version "7.4.6"
  resolved "https://registry.nlark.com/ws/download/ws-7.4.6.tgz#5654ca8ecdeee47c33a9a4bf6d28e2be2980377c"
  integrity sha1-VlTKjs3u5HwzqaS/bSjivimAN3w=
